
Microsoft Visual Studio Solution File, Format Version 12.00
# Visual Studio Version 16
VisualStudioVersion = 16.0.30503.244
MinimumVisualStudioVersion = 10.0.40219.1
Project("{8BC9CEB8-8B4A-11D0-8D11-00A0C91BC942}") = "CustomAtomic", "CustomAtomic.vcxproj", "{53575A72-EB06-4264-908A-E0FCB9AEDBD7}"
EndProject
Global
	GlobalSection(SolutionConfigurationPlatforms) = preSolution
		Debug|x64 = Debug|x64
		Release|x64 = Release|x64
	EndGlobalSection
	GlobalSection(ProjectConfigurationPlatforms) = postSolution
		{53575A72-EB06-4264-908A-E0FCB9AEDBD7}.Debug|x64.ActiveCfg = Debug|x64
		{53575A72-EB06-4264-908A-E0FCB9AEDBD7}.Debug|x64.Build.0 = Debug|x64
		{53575A72-EB06-4264-908A-E0FCB9AEDBD7}.Release|x64.ActiveCfg = Release|x64
		{53575A72-EB06-4264-908A-E0FCB9AEDBD7}.Release|x64.Build.0 = Release|x64
	EndGlobalSection
	GlobalSection(SolutionProperties) = preSolution
		HideSolutionNode = FALSE
	EndGlobalSection
	GlobalSection(ExtensibilityGlobals) = postSolution
		SolutionGuid = {4D5BD7B4-D281-4414-8ABD-2CFF843D29F4}
	EndGlobalSection
EndGlobal
